
Microsoft Visual Studio Solution File, Format Version 12.00
# Visual Studio Version 16
VisualStudioVersion = 16.0.31112.23
MinimumVisualStudioVersion = 10.0.40219.1
Project("{FAE04EC0-301F-11D3-BF4B-00C04F79EFBC}") = "Entity", "Entity\Entity.csproj", "{EAA41F12-5910-4A29-9725-B547FA74A7BF}"
EndProject
Project("{FAE04EC0-301F-11D3-BF4B-00C04F79EFBC}") = "Business", "Business\Business.csproj", "{335322B5-61E7-4A81-BC2C-669AFC57B2A9}"
EndProject
Project("{FAE04EC0-301F-11D3-BF4B-00C04F79EFBC}") = "DataAccess", "DataAccess\DataAccess.csproj", "{973D6E55-51E9-43FC-8F81-D7A76FFC6716}"
EndProject
Project("{FAE04EC0-301F-11D3-BF4B-00C04F79EFBC}") = "Core", "Core\Core.csproj", "{61AF8D47-3553-430C-A5F4-A2C9AC01E33B}"
EndProject
Project("{FAE04EC0-301F-11D3-BF4B-00C04F79EFBC}") = "API", "API\API.csproj", "{4FC5A090-4C8D-4D0E-B6B0-022858055EFB}"
EndProject
Global
	GlobalSection(SolutionConfigurationPlatforms) = preSolution
		Debug|Any CPU = Debug|Any CPU
		Release|Any CPU = Release|Any CPU
	EndGlobalSection
	GlobalSection(ProjectConfigurationPlatforms) = postSolution
		{EAA41F12-5910-4A29-9725-B547FA74A7BF}.Debug|Any CPU.ActiveCfg = Debug|Any CPU
		{EAA41F12-5910-4A29-9725-B547FA74A7BF}.Debug|Any CPU.Build.0 = Debug|Any CPU
		{EAA41F12-5910-4A29-9725-B547FA74A7BF}.Release|Any CPU.ActiveCfg = Release|Any CPU
		{EAA41F12-5910-4A29-9725-B547FA74A7BF}.Release|Any CPU.Build.0 = Release|Any CPU
		{335322B5-61E7-4A81-BC2C-669AFC57B2A9}.Debug|Any CPU.ActiveCfg = Debug|Any CPU
		{335322B5-61E7-4A81-BC2C-669AFC57B2A9}.Debug|Any CPU.Build.0 = Debug|Any CPU
		{335322B5-61E7-4A81-BC2C-669AFC57B2A9}.Release|Any CPU.ActiveCfg = Release|Any CPU
		{335322B5-61E7-4A81-BC2C-669AFC57B2A9}.Release|Any CPU.Build.0 = Release|Any CPU
		{973D6E55-51E9-43FC-8F81-D7A76FFC6716}.Debug|Any CPU.ActiveCfg = Debug|Any CPU
		{973D6E55-51E9-43FC-8F81-D7A76FFC6716}.Debug|Any CPU.Build.0 = Debug|Any CPU
		{973D6E55-51E9-43FC-8F81-D7A76FFC6716}.Release|Any CPU.ActiveCfg = Release|Any CPU
		{973D6E55-51E9-43FC-8F81-D7A76FFC6716}.Release|Any CPU.Build.0 = Release|Any CPU
		{61AF8D47-3553-430C-A5F4-A2C9AC01E33B}.Debug|Any CPU.ActiveCfg = Debug|Any CPU
		{61AF8D47-3553-430C-A5F4-A2C9AC01E33B}.Debug|Any CPU.Build.0 = Debug|Any CPU
		{61AF8D47-3553-430C-A5F4-A2C9AC01E33B}.Release|Any CPU.ActiveCfg = Release|Any CPU
		{61AF8D47-3553-430C-A5F4-A2C9AC01E33B}.Release|Any CPU.Build.0 = Release|Any CPU
		{4FC5A090-4C8D-4D0E-B6B0-022858055EFB}.Debug|Any CPU.ActiveCfg = Debug|Any CPU
		{4FC5A090-4C8D-4D0E-B6B0-022858055EFB}.Debug|Any CPU.Build.0 = Debug|Any CPU
		{4FC5A090-4C8D-4D0E-B6B0-022858055EFB}.Release|Any CPU.ActiveCfg = Release|Any CPU
		{4FC5A090-4C8D-4D0E-B6B0-022858055EFB}.Release|Any CPU.Build.0 = Release|Any CPU
	EndGlobalSection
	GlobalSection(SolutionProperties) = preSolution
		HideSolutionNode = FALSE
	EndGlobalSection
	GlobalSection(ExtensibilityGlobals) = postSolution
		SolutionGuid = {55297063-C059-4F06-A0BB-212831B697D3}
	EndGlobalSection
EndGlobal
